
Microsoft Visual Studio Solution File, Format Version 12.00
# Visual Studio Version 17
VisualStudioVersion = 17.9.34622.214
MinimumVisualStudioVersion = 10.0.40219.1
Project("{FAE04EC0-301F-11D3-BF4B-00C04F79EFBC}") = "hafta05masaüstüUyg", "hafta05masaüstüUyg\hafta05masaüstüUyg.csproj", "{DC7A75FB-FE42-40D1-95E6-5A2CF313F15E}"
EndProject
Global
	GlobalSection(SolutionConfigurationPlatforms) = preSolution
		Debug|Any CPU = Debug|Any CPU
		Release|Any CPU = Release|Any CPU
	EndGlobalSection
	GlobalSection(ProjectConfigurationPlatforms) = postSolution
		{DC7A75FB-FE42-40D1-95E6-5A2CF313F15E}.Debug|Any CPU.ActiveCfg = Debug|Any CPU
		{DC7A75FB-FE42-40D1-95E6-5A2CF313F15E}.Debug|Any CPU.Build.0 = Debug|Any CPU
		{DC7A75FB-FE42-40D1-95E6-5A2CF313F15E}.Release|Any CPU.ActiveCfg = Release|Any CPU
		{DC7A75FB-FE42-40D1-95E6-5A2CF313F15E}.Release|Any CPU.Build.0 = Release|Any CPU
	EndGlobalSection
	GlobalSection(SolutionProperties) = preSolution
		HideSolutionNode = FALSE
	EndGlobalSection
	GlobalSection(ExtensibilityGlobals) = postSolution
		SolutionGuid = {3B79F699-D265-4877-BF54-45388752828C}
	EndGlobalSection
EndGlobal
